
Microsoft Visual Studio Solution File, Format Version 12.00
# Visual Studio Version 16
VisualStudioVersion = 16.0.29709.97
MinimumVisualStudioVersion = 10.0.40219.1
Project("{FAE04EC0-301F-11D3-BF4B-00C04F79EFBC}") = "CKarnasProgram11", "CKarnasProgram11\CKarnasProgram11.csproj", "{9383992C-6F83-413A-A543-5D23D43A071C}"
EndProject
Global
	GlobalSection(SolutionConfigurationPlatforms) = preSolution
		Debug|Any CPU = Debug|Any CPU
		Release|Any CPU = Release|Any CPU
	EndGlobalSection
	GlobalSection(ProjectConfigurationPlatforms) = postSolution
		{9383992C-6F83-413A-A543-5D23D43A071C}.Debug|Any CPU.ActiveCfg = Debug|Any CPU
		{9383992C-6F83-413A-A543-5D23D43A071C}.Debug|Any CPU.Build.0 = Debug|Any CPU
		{9383992C-6F83-413A-A543-5D23D43A071C}.Release|Any CPU.ActiveCfg = Release|Any CPU
		{9383992C-6F83-413A-A543-5D23D43A071C}.Release|Any CPU.Build.0 = Release|Any CPU
	EndGlobalSection
	GlobalSection(SolutionProperties) = preSolution
		HideSolutionNode = FALSE
	EndGlobalSection
	GlobalSection(ExtensibilityGlobals) = postSolution
		SolutionGuid = {7BB49C0B-62B2-4860-92E6-400585A88F79}
	EndGlobalSection
EndGlobal
